PODS:
  - SJTwitterTagInputTextView (0.1.0)

DEPENDENCIES:
  - SJTwitterTagInputTextView (from `../`)

EXTERNAL SOURCES:
  SJTwitterTagInputTextView:
    :path: "../"

SPEC CHECKSUMS:
  SJTwitterTagInputTextView: 998bc6897cbc008782712b133ac022e6c1ef28b1

PODFILE CHECKSUM: 67856ff9dca04332e0e761ce3157ad28dbdb25ce

COCOAPODS: 1.2.0.beta.1
